Microsoft Visual Studio Solution File, Format Version 12.00
# Visual Studio Version 17
VisualStudioVersion = 17.5.2.0
MinimumVisualStudioVersion = 10.0.40219.1
Project("{FAE04EC0-301F-11D3-BF4B-00C04F79EFBC}") = "mess_management", "mess_management.csproj", "{6521CCD2-3098-6DE7-C543-28EC45484F4E}"
EndProject
Global
	GlobalSection(SolutionConfigurationPlatforms) = preSolution
		Debug|Any CPU = Debug|Any CPU
		Release|Any CPU = Release|Any CPU
	EndGlobalSection
	GlobalSection(ProjectConfigurationPlatforms) = postSolution
		{6521CCD2-3098-6DE7-C543-28EC45484F4E}.Debug|Any CPU.ActiveCfg = Debug|Any CPU
		{6521CCD2-3098-6DE7-C543-28EC45484F4E}.Debug|Any CPU.Build.0 = Debug|Any CPU
		{6521CCD2-3098-6DE7-C543-28EC45484F4E}.Release|Any CPU.ActiveCfg = Release|Any CPU
		{6521CCD2-3098-6DE7-C543-28EC45484F4E}.Release|Any CPU.Build.0 = Release|Any CPU
	EndGlobalSection
	GlobalSection(SolutionProperties) = preSolution
		HideSolutionNode = FALSE
	EndGlobalSection
	GlobalSection(ExtensibilityGlobals) = postSolution
		SolutionGuid = {F1E75638-09C5-4BED-8F7C-EB4E7619191D}
	EndGlobalSection
EndGlobal
